
Microsoft Visual Studio Solution File, Format Version 12.00
# Visual Studio 15
VisualStudioVersion = 15.0.26730.16
MinimumVisualStudioVersion = 10.0.40219.1
Project("{FAE04EC0-301F-11D3-BF4B-00C04F79EFBC}") = "UI", "UI\UI.csproj", "{990E308B-33B5-4207-83E2-C8D59E1C1330}"
EndProject
Project("{FAE04EC0-301F-11D3-BF4B-00C04F79EFBC}") = "BOL", "..\BOL\BOL.csproj", "{757A3166-693E-440B-8A2C-2EDFE8D8E1C1}"
EndProject
Project("{FAE04EC0-301F-11D3-BF4B-00C04F79EFBC}") = "BLL", "..\BLL\BLL.csproj", "{746F8F3E-3BB1-4897-97CB-20D5A3AB74C6}"
EndProject
Project("{FAE04EC0-301F-11D3-BF4B-00C04F79EFBC}") = "DAL", "..\DAL\DAL.csproj", "{757F1BE1-E1D4-456A-AD84-4B1006128B0F}"
EndProject
Global
	GlobalSection(SolutionConfigurationPlatforms) = preSolution
		Debug|Any CPU = Debug|Any CPU
		Release|Any CPU = Release|Any CPU
	EndGlobalSection
	GlobalSection(ProjectConfigurationPlatforms) = postSolution
		{990E308B-33B5-4207-83E2-C8D59E1C1330}.Debug|Any CPU.ActiveCfg = Debug|Any CPU
		{990E308B-33B5-4207-83E2-C8D59E1C1330}.Debug|Any CPU.Build.0 = Debug|Any CPU
		{990E308B-33B5-4207-83E2-C8D59E1C1330}.Release|Any CPU.ActiveCfg = Release|Any CPU
		{990E308B-33B5-4207-83E2-C8D59E1C1330}.Release|Any CPU.Build.0 = Release|Any CPU
		{757A3166-693E-440B-8A2C-2EDFE8D8E1C1}.Debug|Any CPU.ActiveCfg = Debug|Any CPU
		{757A3166-693E-440B-8A2C-2EDFE8D8E1C1}.Debug|Any CPU.Build.0 = Debug|Any CPU
		{757A3166-693E-440B-8A2C-2EDFE8D8E1C1}.Release|Any CPU.ActiveCfg = Release|Any CPU
		{757A3166-693E-440B-8A2C-2EDFE8D8E1C1}.Release|Any CPU.Build.0 = Release|Any CPU
		{746F8F3E-3BB1-4897-97CB-20D5A3AB74C6}.Debug|Any CPU.ActiveCfg = Debug|Any CPU
		{746F8F3E-3BB1-4897-97CB-20D5A3AB74C6}.Debug|Any CPU.Build.0 = Debug|Any CPU
		{746F8F3E-3BB1-4897-97CB-20D5A3AB74C6}.Release|Any CPU.ActiveCfg = Release|Any CPU
		{746F8F3E-3BB1-4897-97CB-20D5A3AB74C6}.Release|Any CPU.Build.0 = Release|Any CPU
		{757F1BE1-E1D4-456A-AD84-4B1006128B0F}.Debug|Any CPU.ActiveCfg = Debug|Any CPU
		{757F1BE1-E1D4-456A-AD84-4B1006128B0F}.Debug|Any CPU.Build.0 = Debug|Any CPU
		{757F1BE1-E1D4-456A-AD84-4B1006128B0F}.Release|Any CPU.ActiveCfg = Release|Any CPU
		{757F1BE1-E1D4-456A-AD84-4B1006128B0F}.Release|Any CPU.Build.0 = Release|Any CPU
	EndGlobalSection
	GlobalSection(SolutionProperties) = preSolution
		HideSolutionNode = FALSE
	EndGlobalSection
	GlobalSection(ExtensibilityGlobals) = postSolution
		SolutionGuid = {9EAC4F48-5CDB-46B6-87DB-F5BFAAE60FCC}
	EndGlobalSection
EndGlobal
